
Microsoft Visual Studio Solution File, Format Version 12.00
# Visual Studio Version 16
VisualStudioVersion = 16.0.29001.49
MinimumVisualStudioVersion = 10.0.40219.1
Project("{FAE04EC0-301F-11D3-BF4B-00C04F79EFBC}") = "Dink", "Dink\Dink.csproj", "{48FE5BBB-6970-4076-937D-339797F54CBF}"
EndProject
Global
	GlobalSection(SolutionConfigurationPlatforms) = preSolution
		Debug|Any CPU = Debug|Any CPU
		Release|Any CPU = Release|Any CPU
	EndGlobalSection
	GlobalSection(ProjectConfigurationPlatforms) = postSolution
		{48FE5BBB-6970-4076-937D-339797F54CBF}.Debug|Any CPU.ActiveCfg = Debug|Any CPU
		{48FE5BBB-6970-4076-937D-339797F54CBF}.Debug|Any CPU.Build.0 = Debug|Any CPU
		{48FE5BBB-6970-4076-937D-339797F54CBF}.Release|Any CPU.ActiveCfg = Release|Any CPU
		{48FE5BBB-6970-4076-937D-339797F54CBF}.Release|Any CPU.Build.0 = Release|Any CPU
	EndGlobalSection
	GlobalSection(SolutionProperties) = preSolution
		HideSolutionNode = FALSE
	EndGlobalSection
	GlobalSection(ExtensibilityGlobals) = postSolution
		SolutionGuid = {6606996C-A479-4C04-A904-55E682EB9B7B}
	EndGlobalSection
EndGlobal
